<?xml version="1.0" encoding="utf-8"?>
<Project ToolsVersion="4.0" xmlns="http://schemas.microsoft.com/developer/msbuild/2003">
  <ItemGroup>
    <Filter Include="include">
      <UniqueIdentifier>{154040f0-42be-45cb-9e33-10d97bf9d1be}</UniqueIdentifier>
    </Filter>
    <Filter Include="include\core">
      <UniqueIdentifier>{c7a85cc4-196e-4a20-9b89-f62e13a3bb33}</UniqueIdentifier>
    </Filter>
    <Filter Include="src">
      <UniqueIdentifier>{e9608e43-e9b1-4d9f-8a3e-720c55f05000}</UniqueIdentifier>
    </Filter>
    <Filter Include="src\core">
      <UniqueIdentifier>{801c14cf-4bdd-4a37-b7c5-b11db72034dd}</UniqueIdentifier>
    </Filter>
  </ItemGroup>
  <ItemGroup>
    <ClInclude Include="$(MSBuildThisFileDirectory)include\core\core.hpp">
      <Filter>include\core</Filter>
    </ClInclude>
    <ClInclude Include="$(MSBuildThisFileDirectory)include\core\def.hpp">
      <Filter>include\core</Filter>
    </ClInclude>
    <ClInclude Include="$(MSBuildThisFileDirectory)include\core\log.hpp">
      <Filter>include\core</Filter>
    </ClInclude>
    <ClInclude Include="$(MSBuildThisFileDirectory)include\core\file.hpp">
      <Filter>include\core</Filter>
    </ClInclude>
    <ClInclude Include="$(MSBuildThisFileDirectory)include\core\types.hpp">
      <Filter>include\core</Filter>
    </ClInclude>
    <ClInclude Include="$(MSBuildThisFileDirectory)include\core\allocator.hpp">
      <Filter>include\core</Filter>
    </ClInclude>
    <ClInclude Include="$(MSBuildThisFileDirectory)include\core\gpu.hpp">
      <Filter>include\core</Filter>
    </ClInclude>
  </ItemGroup>
  <ItemGroup>
    <ClCompile Include="$(MSBuildThisFileDirectory)src\core\core.cpp">
      <Filter>src\core</Filter>
    </ClCompile>
    <ClCompile Include="$(MSBuildThisFileDirectory)src\core\file.cpp">
      <Filter>src\core</Filter>
    </ClCompile>
    <ClCompile Include="$(MSBuildThisFileDirectory)src\core\log.cpp">
      <Filter>src\core</Filter>
    </ClCompile>
    <ClCompile Include="$(MSBuildThisFileDirectory)src\core\allocator.cpp">
      <Filter>src\core</Filter>
    </ClCompile>
    <ClCompile Include="$(MSBuildThisFileDirectory)src\core\types.cpp">
      <Filter>src\core</Filter>
    </ClCompile>
    <ClCompile Include="$(MSBuildThisFileDirectory)src\core\gpu.cpp">
      <Filter>src\core</Filter>
    </ClCompile>
  </ItemGroup>
</Project>