<?xml version="1.0" encoding="utf-8"?>
<Project ToolsVersion="4.0" xmlns="http://schemas.microsoft.com/developer/msbuild/2003">
  <ItemGroup>
    <Filter Include="include">
      <UniqueIdentifier>{154040f0-42be-45cb-9e33-10d97bf9d1be}</UniqueIdentifier>
    </Filter>
    <Filter Include="include\core">
      <UniqueIdentifier>{c7a85cc4-196e-4a20-9b89-f62e13a3bb33}</UniqueIdentifier>
    </Filter>
    <Filter Include="src">
      <UniqueIdentifier>{e9608e43-e9b1-4d9f-8a3e-720c55f05000}</UniqueIdentifier>
    </Filter>
    <Filter Include="src\core">
      <UniqueIdentifier>{801c14cf-4bdd-4a37-b7c5-b11db72034dd}</UniqueIdentifier>
    </Filter>
    <Filter Include="include\highgui">
      <UniqueIdentifier>{9db66474-ed60-4637-8a92-758de9153dd4}</UniqueIdentifier>
    </Filter>
    <Filter Include="src\highgui">
      <UniqueIdentifier>{2a39e871-9bb0-41cb-9aed-5799878fe8a6}</UniqueIdentifier>
    </Filter>
    <Filter Include="include\dnn">
      <UniqueIdentifier>{d536dca7-2283-4715-bded-3e75524cfed5}</UniqueIdentifier>
    </Filter>
    <Filter Include="src\dnn">
      <UniqueIdentifier>{6fa4fc23-99b4-4dbe-baff-d875c4f49150}</UniqueIdentifier>
    </Filter>
    <Filter Include="include\dnn\layers">
      <UniqueIdentifier>{850bea5f-43ab-4204-a610-bb42ed445d9c}</UniqueIdentifier>
    </Filter>
    <Filter Include="src\dnn\layers">
      <UniqueIdentifier>{ad33f14f-7142-48d1-a9b4-e6b54480fd83}</UniqueIdentifier>
    </Filter>
    <Filter Include="include\dnn\layers\vulkan">
      <UniqueIdentifier>{3abd9c6e-e7d2-44eb-b8e4-1f26fd6ad569}</UniqueIdentifier>
    </Filter>
    <Filter Include="include\utils">
      <UniqueIdentifier>{4e242971-4b82-46b0-98e2-407cf3b7b748}</UniqueIdentifier>
    </Filter>
    <Filter Include="src\utils">
      <UniqueIdentifier>{0aca6843-877c-461d-ad36-a46341a6933b}</UniqueIdentifier>
    </Filter>
    <Filter Include="include\dnn\layers\x86">
      <UniqueIdentifier>{c63839f3-ec63-414d-986c-7496fc9e01a0}</UniqueIdentifier>
    </Filter>
    <Filter Include="src\dnn\layers\vulkan">
      <UniqueIdentifier>{2d57f7b7-0c3e-4be9-b9d6-29f0475621b5}</UniqueIdentifier>
    </Filter>
    <Filter Include="src\dnn\layers\vulkan\shaders">
      <UniqueIdentifier>{6f0cd54e-9316-4147-978a-0fe1f740b08e}</UniqueIdentifier>
    </Filter>
  </ItemGroup>
  <ItemGroup>
    <ClInclude Include="$(MSBuildThisFileDirectory)include\core\core.hpp">
      <Filter>include\core</Filter>
    </ClInclude>
    <ClInclude Include="$(MSBuildThisFileDirectory)include\core\def.hpp">
      <Filter>include\core</Filter>
    </ClInclude>
    <ClInclude Include="$(MSBuildThisFileDirectory)include\core\types.hpp">
      <Filter>include\core</Filter>
    </ClInclude>
    <ClInclude Include="$(MSBuildThisFileDirectory)include\core\log.hpp">
      <Filter>include\core</Filter>
    </ClInclude>
    <ClInclude Include="$(MSBuildThisFileDirectory)include\core\file.hpp">
      <Filter>include\core</Filter>
    </ClInclude>
    <ClInclude Include="$(MSBuildThisFileDirectory)include\core\tensor.hpp">
      <Filter>include\core</Filter>
    </ClInclude>
    <ClInclude Include="$(MSBuildThisFileDirectory)include\core\allocator.hpp">
      <Filter>include\core</Filter>
    </ClInclude>
    <ClInclude Include="$(MSBuildThisFileDirectory)include\core\array.hpp">
      <Filter>include\core</Filter>
    </ClInclude>
    <ClInclude Include="$(MSBuildThisFileDirectory)include\core\io.hpp">
      <Filter>include\core</Filter>
    </ClInclude>
    <ClInclude Include="$(MSBuildThisFileDirectory)include\core\gpu.hpp">
      <Filter>include\core</Filter>
    </ClInclude>
    <ClInclude Include="$(MSBuildThisFileDirectory)include\core\vulkan.hpp">
      <Filter>include\core</Filter>
    </ClInclude>
    <ClInclude Include="$(MSBuildThisFileDirectory)include\core\pipeline.hpp">
      <Filter>include\core</Filter>
    </ClInclude>
    <ClInclude Include="$(MSBuildThisFileDirectory)include\core\command.hpp">
      <Filter>include\core</Filter>
    </ClInclude>
    <ClInclude Include="$(MSBuildThisFileDirectory)include\dnn\option.hpp">
      <Filter>include\dnn</Filter>
    </ClInclude>
    <ClInclude Include="$(MSBuildThisFileDirectory)include\dnn\layer.hpp">
      <Filter>include\dnn</Filter>
    </ClInclude>
    <ClInclude Include="$(MSBuildThisFileDirectory)include\dnn\layers\abs.hpp">
      <Filter>include\dnn\layers</Filter>
    </ClInclude>
    <ClInclude Include="$(MSBuildThisFileDirectory)include\dnn\layers\vulkan\abs_vulkan.hpp">
      <Filter>include\dnn\layers\vulkan</Filter>
    </ClInclude>
    <ClInclude Include="$(MSBuildThisFileDirectory)include\dnn\layer_factory.hpp">
      <Filter>include\dnn</Filter>
    </ClInclude>
    <ClInclude Include="$(MSBuildThisFileDirectory)include\dnn\layers\binary_op.hpp">
      <Filter>include\dnn\layers</Filter>
    </ClInclude>
    <ClInclude Include="$(MSBuildThisFileDirectory)include\dnn\layers\vulkan\binary_op_vulkan.hpp">
      <Filter>include\dnn\layers\vulkan</Filter>
    </ClInclude>
    <ClInclude Include="$(MSBuildThisFileDirectory)include\dnn\layers\sum.hpp">
      <Filter>include\dnn\layers</Filter>
    </ClInclude>
    <ClInclude Include="$(MSBuildThisFileDirectory)include\dnn\layers\vulkan\sum_vulkan.hpp">
      <Filter>include\dnn\layers\vulkan</Filter>
    </ClInclude>
    <ClInclude Include="$(MSBuildThisFileDirectory)include\dnn\layers\permute.hpp">
      <Filter>include\dnn\layers</Filter>
    </ClInclude>
    <ClInclude Include="$(MSBuildThisFileDirectory)include\dnn\layers\vulkan\permute_vulkan.hpp">
      <Filter>include\dnn\layers\vulkan</Filter>
    </ClInclude>
  </ItemGroup>
  <ItemGroup>
    <ClCompile Include="$(MSBuildThisFileDirectory)src\core\core.cpp">
      <Filter>src\core</Filter>
    </ClCompile>
    <ClCompile Include="$(MSBuildThisFileDirectory)src\core\file.cpp">
      <Filter>src\core</Filter>
    </ClCompile>
    <ClCompile Include="$(MSBuildThisFileDirectory)src\core\log.cpp">
      <Filter>src\core</Filter>
    </ClCompile>
    <ClCompile Include="$(MSBuildThisFileDirectory)src\core\types.cpp">
      <Filter>src\core</Filter>
    </ClCompile>
    <ClCompile Include="$(MSBuildThisFileDirectory)src\core\array.cpp">
      <Filter>src\core</Filter>
    </ClCompile>
    <ClCompile Include="$(MSBuildThisFileDirectory)src\core\tensor.cpp">
      <Filter>src\core</Filter>
    </ClCompile>
    <ClCompile Include="$(MSBuildThisFileDirectory)src\core\gpu.cpp">
      <Filter>src\core</Filter>
    </ClCompile>
    <ClCompile Include="$(MSBuildThisFileDirectory)src\core\io.cpp">
      <Filter>src\core</Filter>
    </ClCompile>
    <ClCompile Include="$(MSBuildThisFileDirectory)src\core\allocator.cpp">
      <Filter>src\core</Filter>
    </ClCompile>
    <ClCompile Include="$(MSBuildThisFileDirectory)src\core\pipeline.cpp">
      <Filter>src\core</Filter>
    </ClCompile>
    <ClCompile Include="$(MSBuildThisFileDirectory)src\core\command.cpp">
      <Filter>src\core</Filter>
    </ClCompile>
    <ClCompile Include="$(MSBuildThisFileDirectory)src\dnn\layers\abs.cpp">
      <Filter>src\dnn\layers</Filter>
    </ClCompile>
    <ClCompile Include="$(MSBuildThisFileDirectory)src\dnn\layers\vulkan\abs_vulkan.cpp">
      <Filter>src\dnn\layers\vulkan</Filter>
    </ClCompile>
    <ClCompile Include="$(MSBuildThisFileDirectory)src\dnn\layer.cpp">
      <Filter>src\dnn</Filter>
    </ClCompile>
    <ClCompile Include="$(MSBuildThisFileDirectory)src\dnn\layer_declaration.cpp">
      <Filter>src\dnn</Filter>
    </ClCompile>
    <ClCompile Include="$(MSBuildThisFileDirectory)src\dnn\layers\binary_op.cpp">
      <Filter>src\dnn\layers</Filter>
    </ClCompile>
    <ClCompile Include="$(MSBuildThisFileDirectory)src\dnn\option.cpp">
      <Filter>src\dnn</Filter>
    </ClCompile>
    <ClCompile Include="$(MSBuildThisFileDirectory)src\dnn\layers\vulkan\binary_op_vulkan.cpp">
      <Filter>src\dnn\layers\vulkan</Filter>
    </ClCompile>
    <ClCompile Include="$(MSBuildThisFileDirectory)src\dnn\layers\sum.cpp">
      <Filter>src\dnn\layers</Filter>
    </ClCompile>
    <ClCompile Include="$(MSBuildThisFileDirectory)src\dnn\layers\vulkan\sum_vulkan.cpp">
      <Filter>src\dnn\layers\vulkan</Filter>
    </ClCompile>
    <ClCompile Include="$(MSBuildThisFileDirectory)src\dnn\layers\permute.cpp">
      <Filter>src\dnn\layers</Filter>
    </ClCompile>
    <ClCompile Include="$(MSBuildThisFileDirectory)src\dnn\layers\vulkan\permute_vulkan.cpp">
      <Filter>src\dnn\layers\vulkan</Filter>
    </ClCompile>
  </ItemGroup>
  <ItemGroup>
    <CustomBuild Include="$(MSBuildThisFileDirectory)src\dnn\layers\vulkan\shaders\abs.comp">
      <Filter>src\dnn\layers\vulkan\shaders</Filter>
    </CustomBuild>
    <CustomBuild Include="$(MSBuildThisFileDirectory)src\dnn\layers\vulkan\shaders\binary_op.comp">
      <Filter>src\dnn\layers\vulkan\shaders</Filter>
    </CustomBuild>
    <CustomBuild Include="$(MSBuildThisFileDirectory)src\dnn\layers\vulkan\shaders\sum.comp">
      <Filter>src\dnn\layers\vulkan\shaders</Filter>
    </CustomBuild>
    <CustomBuild Include="$(MSBuildThisFileDirectory)src\dnn\layers\vulkan\shaders\permute.comp">
      <Filter>src\dnn\layers\vulkan\shaders</Filter>
    </CustomBuild>
  </ItemGroup>
</Project>